
Microsoft Visual Studio Solution File, Format Version 12.00
# Visual Studio Version 17
VisualStudioVersion = 17.8.34525.116
MinimumVisualStudioVersion = 10.0.40219.1
Project("{8BC9CEB8-8B4A-11D0-8D11-00A0C91BC942}") = "SGP4DataGenerator", "SGP4DataGenerator\SGP4DataGenerator.vcxproj", "{AE638A43-ECA6-4460-8C4A-27AD1453A7C4}"
EndProject
Global
	GlobalSection(SolutionConfigurationPlatforms) = preSolution
		Debug|x64 = Debug|x64
		Debug|x86 = Debug|x86
		Release|x64 = Release|x64
		Release|x86 = Release|x86
	EndGlobalSection
	GlobalSection(ProjectConfigurationPlatforms) = postSolution
		{AE638A43-ECA6-4460-8C4A-27AD1453A7C4}.Debug|x64.ActiveCfg = Debug|x64
		{AE638A43-ECA6-4460-8C4A-27AD1453A7C4}.Debug|x64.Build.0 = Debug|x64
		{AE638A43-ECA6-4460-8C4A-27AD1453A7C4}.Debug|x86.ActiveCfg = Debug|Win32
		{AE638A43-ECA6-4460-8C4A-27AD1453A7C4}.Debug|x86.Build.0 = Debug|Win32
		{AE638A43-ECA6-4460-8C4A-27AD1453A7C4}.Release|x64.ActiveCfg = Release|x64
		{AE638A43-ECA6-4460-8C4A-27AD1453A7C4}.Release|x64.Build.0 = Release|x64
		{AE638A43-ECA6-4460-8C4A-27AD1453A7C4}.Release|x86.ActiveCfg = Release|Win32
		{AE638A43-ECA6-4460-8C4A-27AD1453A7C4}.Release|x86.Build.0 = Release|Win32
	EndGlobalSection
	GlobalSection(SolutionProperties) = preSolution
		HideSolutionNode = FALSE
	EndGlobalSection
	GlobalSection(ExtensibilityGlobals) = postSolution
		SolutionGuid = {23E11624-63CD-4422-8AF9-C5AB01B88132}
	EndGlobalSection
EndGlobal
