
Microsoft Visual Studio Solution File, Format Version 12.00
# Visual Studio Version 17
VisualStudioVersion = 17.8.34511.84
MinimumVisualStudioVersion = 10.0.40219.1
Project("{8BC9CEB8-8B4A-11D0-8D11-00A0C91BC942}") = "UTRootsFinding", "UTRootsFinding\UTRootsFinding.vcxproj", "{F5CF134C-3E13-4547-9E2A-76D2D777A95C}"
EndProject
Global
	GlobalSection(SolutionConfigurationPlatforms) = preSolution
		Debug|x64 = Debug|x64
		Debug|x86 = Debug|x86
		Release|x64 = Release|x64
		Release|x86 = Release|x86
	EndGlobalSection
	GlobalSection(ProjectConfigurationPlatforms) = postSolution
		{F5CF134C-3E13-4547-9E2A-76D2D777A95C}.Debug|x64.ActiveCfg = Debug|x64
		{F5CF134C-3E13-4547-9E2A-76D2D777A95C}.Debug|x86.ActiveCfg = Debug|Win32
		{F5CF134C-3E13-4547-9E2A-76D2D777A95C}.Debug|x86.Build.0 = Debug|Win32
		{F5CF134C-3E13-4547-9E2A-76D2D777A95C}.Release|x64.ActiveCfg = Release|x64
		{F5CF134C-3E13-4547-9E2A-76D2D777A95C}.Release|x86.ActiveCfg = Release|Win32
	EndGlobalSection
	GlobalSection(SolutionProperties) = preSolution
		HideSolutionNode = FALSE
	EndGlobalSection
	GlobalSection(ExtensibilityGlobals) = postSolution
		SolutionGuid = {6404D8D5-2F7F-4007-BF3D-9F4896A9E3CE}
	EndGlobalSection
EndGlobal
