
Microsoft Visual Studio Solution File, Format Version 12.00
# Visual Studio Version 17
VisualStudioVersion = 17.8.34511.84
MinimumVisualStudioVersion = 10.0.40219.1
Project("{8BC9CEB8-8B4A-11D0-8D11-00A0C91BC942}") = "UTRootsFinding", "UTRootsFinding\UTRootsFinding.vcxproj", "{F5CF134C-3E13-4547-9E2A-76D2D777A95C}"
EndProject
Project("{8BC9CEB8-8B4A-11D0-8D11-00A0C91BC942}") = "UTAncas", "UTAncas\UTAncas.vcxproj", "{2A180EEF-7DAC-4081-8B14-05520406EB24}"
EndProject
Project("{8BC9CEB8-8B4A-11D0-8D11-00A0C91BC942}") = "UTCatch", "UTCatch\UTCatch.vcxproj", "{1EFA4768-AF5B-4A12-9EE3-04D53C8C9202}"
EndProject
Global
	GlobalSection(SolutionConfigurationPlatforms) = preSolution
		Debug|x64 = Debug|x64
		Debug|x86 = Debug|x86
		Release|x64 = Release|x64
		Release|x86 = Release|x86
	EndGlobalSection
	GlobalSection(ProjectConfigurationPlatforms) = postSolution
		{F5CF134C-3E13-4547-9E2A-76D2D777A95C}.Debug|x64.ActiveCfg = Debug|x64
		{F5CF134C-3E13-4547-9E2A-76D2D777A95C}.Debug|x86.ActiveCfg = Debug|Win32
		{F5CF134C-3E13-4547-9E2A-76D2D777A95C}.Debug|x86.Build.0 = Debug|Win32
		{F5CF134C-3E13-4547-9E2A-76D2D777A95C}.Release|x64.ActiveCfg = Release|x64
		{F5CF134C-3E13-4547-9E2A-76D2D777A95C}.Release|x86.ActiveCfg = Release|Win32
		{2A180EEF-7DAC-4081-8B14-05520406EB24}.Debug|x64.ActiveCfg = Debug|x64
		{2A180EEF-7DAC-4081-8B14-05520406EB24}.Debug|x64.Build.0 = Debug|x64
		{2A180EEF-7DAC-4081-8B14-05520406EB24}.Debug|x86.ActiveCfg = Debug|Win32
		{2A180EEF-7DAC-4081-8B14-05520406EB24}.Debug|x86.Build.0 = Debug|Win32
		{2A180EEF-7DAC-4081-8B14-05520406EB24}.Release|x64.ActiveCfg = Release|x64
		{2A180EEF-7DAC-4081-8B14-05520406EB24}.Release|x64.Build.0 = Release|x64
		{2A180EEF-7DAC-4081-8B14-05520406EB24}.Release|x86.ActiveCfg = Release|Win32
		{2A180EEF-7DAC-4081-8B14-05520406EB24}.Release|x86.Build.0 = Release|Win32
		{1EFA4768-AF5B-4A12-9EE3-04D53C8C9202}.Debug|x64.ActiveCfg = Debug|x64
		{1EFA4768-AF5B-4A12-9EE3-04D53C8C9202}.Debug|x64.Build.0 = Debug|x64
		{1EFA4768-AF5B-4A12-9EE3-04D53C8C9202}.Debug|x86.ActiveCfg = Debug|Win32
		{1EFA4768-AF5B-4A12-9EE3-04D53C8C9202}.Debug|x86.Build.0 = Debug|Win32
		{1EFA4768-AF5B-4A12-9EE3-04D53C8C9202}.Release|x64.ActiveCfg = Release|x64
		{1EFA4768-AF5B-4A12-9EE3-04D53C8C9202}.Release|x64.Build.0 = Release|x64
		{1EFA4768-AF5B-4A12-9EE3-04D53C8C9202}.Release|x86.ActiveCfg = Release|Win32
		{1EFA4768-AF5B-4A12-9EE3-04D53C8C9202}.Release|x86.Build.0 = Release|Win32
	EndGlobalSection
	GlobalSection(SolutionProperties) = preSolution
		HideSolutionNode = FALSE
	EndGlobalSection
	GlobalSection(ExtensibilityGlobals) = postSolution
		SolutionGuid = {6404D8D5-2F7F-4007-BF3D-9F4896A9E3CE}
	EndGlobalSection
EndGlobal
